{
  "version": 4,
  "terraform_version": "1.9.2",
  "serial": 11,
  "lineage": "3ee2f3e6-c7c1-ce19-87b9-2fcec7832503",
  "outputs": {},
  "resources": [
    {
      "mode": "managed",
      "type": "azurerm_container_registry",
      "name": "acr",
      "provider": "provider[\"registry.terraform.io/hashicorp/azurerm\"]",
      "instances": [
        {
          "schema_version": 2,
          "attributes": {
            "admin_enabled": true,
            "admin_password": "R4x5Mvjgwp8i+e4FI547AF9XEL7Nlytg7m2NZ4qMjH+ACRBCQ5f7",
            "admin_username": "AcrUnirJdcr",
            "anonymous_pull_enabled": false,
            "data_endpoint_enabled": false,
            "encryption": [
              {
                "enabled": false,
                "identity_client_id": "",
                "key_vault_key_id": ""
              }
            ],
            "export_policy_enabled": true,
            "georeplications": [],
            "id": "/subscriptions/6cdbe581-420c-4d94-8700-3e091599b3fd/resourceGroups/RgUnirJdcr/providers/Microsoft.ContainerRegistry/registries/AcrUnirJdcr",
            "identity": [],
            "location": "westeurope",
            "login_server": "acrunirjdcr.azurecr.io",
            "name": "AcrUnirJdcr",
            "network_rule_bypass_option": "AzureServices",
            "network_rule_set": [],
            "public_network_access_enabled": true,
            "quarantine_policy_enabled": false,
            "resource_group_name": "RgUnirJdcr",
            "retention_policy": [
              {
                "days": 7,
                "enabled": false
              }
            ],
            "sku": "Basic",
            "tags": {},
            "timeouts": null,
            "trust_policy": [
              {
                "enabled": false
              }
            ],
            "zone_redundancy_enabled": false
          },
          "sensitive_attributes": [
            [
              {
                "type": "get_attr",
                "value": "admin_password"
              }
            ]
          ],
          "private": "eyJlMmJmYjczMC1lY2FhLTExZTYtOGY4OC0zNDM2M2JjN2M0YzAiOnsiY3JlYXRlIjoxODAwMDAwMDAwMDAwLCJkZWxldGUiOjE4MDAwMDAwMDAwMDAsInJlYWQiOjMwMDAwMDAwMDAwMCwidXBkYXRlIjoxODAwMDAwMDAwMDAwfSwic2NoZW1hX3ZlcnNpb24iOiIyIn0=",
          "dependencies": [
            "azurerm_resource_group.rg"
          ]
        }
      ]
    },
    {
      "mode": "managed",
      "type": "azurerm_network_interface",
      "name": "nic",
      "provider": "provider[\"registry.terraform.io/hashicorp/azurerm\"]",
      "instances": [
        {
          "schema_version": 0,
          "attributes": {
            "accelerated_networking_enabled": false,
            "applied_dns_servers": [],
            "auxiliary_mode": "",
            "auxiliary_sku": "",
            "dns_servers": [],
            "edge_zone": "",
            "enable_accelerated_networking": false,
            "enable_ip_forwarding": false,
            "id": "/subscriptions/6cdbe581-420c-4d94-8700-3e091599b3fd/resourceGroups/RgUnirJdcr/providers/Microsoft.Network/networkInterfaces/NicUnirJdcrCp2Vm1",
            "internal_dns_name_label": "",
            "internal_domain_name_suffix": "jwwtyi1hemxu5otoy1ibzne1zb.ax.internal.cloudapp.net",
            "ip_configuration": [
              {
                "gateway_load_balancer_frontend_ip_configuration_id": "",
                "name": "nic-vm1-conf-cp2-jdcr-unir",
                "primary": true,
                "private_ip_address": "10.0.1.4",
                "private_ip_address_allocation": "Dynamic",
                "private_ip_address_version": "IPv4",
                "public_ip_address_id": "/subscriptions/6cdbe581-420c-4d94-8700-3e091599b3fd/resourceGroups/RgUnirJdcr/providers/Microsoft.Network/publicIPAddresses/PipUnirJdcrCp2Vm1",
                "subnet_id": "/subscriptions/6cdbe581-420c-4d94-8700-3e091599b3fd/resourceGroups/RgUnirJdcr/providers/Microsoft.Network/virtualNetworks/VnetUnirJdcrCp2/subnets/SubnetUnirJdcrCp2Vm1"
              }
            ],
            "ip_forwarding_enabled": false,
            "location": "westeurope",
            "mac_address": "00-0D-3A-BE-ED-95",
            "name": "NicUnirJdcrCp2Vm1",
            "private_ip_address": "10.0.1.4",
            "private_ip_addresses": [
              "10.0.1.4"
            ],
            "resource_group_name": "RgUnirJdcr",
            "tags": {},
            "timeouts": null,
            "virtual_machine_id": "/subscriptions/6cdbe581-420c-4d94-8700-3e091599b3fd/resourceGroups/RgUnirJdcr/providers/Microsoft.Compute/virtualMachines/Vm1UnirJdcrCp2"
          },
          "sensitive_attributes": [],
          "private": "eyJlMmJmYjczMC1lY2FhLTExZTYtOGY4OC0zNDM2M2JjN2M0YzAiOnsiY3JlYXRlIjoxODAwMDAwMDAwMDAwLCJkZWxldGUiOjE4MDAwMDAwMDAwMDAsInJlYWQiOjMwMDAwMDAwMDAwMCwidXBkYXRlIjoxODAwMDAwMDAwMDAwfX0=",
          "dependencies": [
            "azurerm_public_ip.public_ip",
            "azurerm_resource_group.rg",
            "azurerm_subnet.subnet",
            "azurerm_virtual_network.vnet"
          ]
        }
      ]
    },
    {
      "mode": "managed",
      "type": "azurerm_public_ip",
      "name": "public_ip",
      "provider": "provider[\"registry.terraform.io/hashicorp/azurerm\"]",
      "instances": [
        {
          "schema_version": 0,
          "attributes": {
            "allocation_method": "Dynamic",
            "ddos_protection_mode": "VirtualNetworkInherited",
            "ddos_protection_plan_id": null,
            "domain_name_label": null,
            "edge_zone": "",
            "fqdn": null,
            "id": "/subscriptions/6cdbe581-420c-4d94-8700-3e091599b3fd/resourceGroups/RgUnirJdcr/providers/Microsoft.Network/publicIPAddresses/PipUnirJdcrCp2Vm1",
            "idle_timeout_in_minutes": 4,
            "ip_address": "52.174.145.154",
            "ip_tags": {},
            "ip_version": "IPv4",
            "location": "westeurope",
            "name": "PipUnirJdcrCp2Vm1",
            "public_ip_prefix_id": null,
            "resource_group_name": "RgUnirJdcr",
            "reverse_fqdn": null,
            "sku": "Basic",
            "sku_tier": "Regional",
            "tags": {},
            "timeouts": null,
            "zones": []
          },
          "sensitive_attributes": [],
          "private": "eyJlMmJmYjczMC1lY2FhLTExZTYtOGY4OC0zNDM2M2JjN2M0YzAiOnsiY3JlYXRlIjoxODAwMDAwMDAwMDAwLCJkZWxldGUiOjE4MDAwMDAwMDAwMDAsInJlYWQiOjMwMDAwMDAwMDAwMCwidXBkYXRlIjoxODAwMDAwMDAwMDAwfX0=",
          "dependencies": [
            "azurerm_resource_group.rg"
          ]
        }
      ]
    },
    {
      "mode": "managed",
      "type": "azurerm_resource_group",
      "name": "rg",
      "provider": "provider[\"registry.terraform.io/hashicorp/azurerm\"]",
      "instances": [
        {
          "schema_version": 0,
          "attributes": {
            "id": "/subscriptions/6cdbe581-420c-4d94-8700-3e091599b3fd/resourceGroups/RgUnirJdcr",
            "location": "westeurope",
            "managed_by": "",
            "name": "RgUnirJdcr",
            "tags": {},
            "timeouts": null
          },
          "sensitive_attributes": [],
          "private": "eyJlMmJmYjczMC1lY2FhLTExZTYtOGY4OC0zNDM2M2JjN2M0YzAiOnsiY3JlYXRlIjo1NDAwMDAwMDAwMDAwLCJkZWxldGUiOjU0MDAwMDAwMDAwMDAsInJlYWQiOjMwMDAwMDAwMDAwMCwidXBkYXRlIjo1NDAwMDAwMDAwMDAwfX0="
        }
      ]
    },
    {
      "mode": "managed",
      "type": "azurerm_subnet",
      "name": "subnet",
      "provider": "provider[\"registry.terraform.io/hashicorp/azurerm\"]",
      "instances": [
        {
          "schema_version": 0,
          "attributes": {
            "address_prefixes": [
              "10.0.1.0/24"
            ],
            "default_outbound_access_enabled": true,
            "delegation": [],
            "enforce_private_link_endpoint_network_policies": false,
            "enforce_private_link_service_network_policies": false,
            "id": "/subscriptions/6cdbe581-420c-4d94-8700-3e091599b3fd/resourceGroups/RgUnirJdcr/providers/Microsoft.Network/virtualNetworks/VnetUnirJdcrCp2/subnets/SubnetUnirJdcrCp2Vm1",
            "name": "SubnetUnirJdcrCp2Vm1",
            "private_endpoint_network_policies": "Enabled",
            "private_endpoint_network_policies_enabled": true,
            "private_link_service_network_policies_enabled": true,
            "resource_group_name": "RgUnirJdcr",
            "service_endpoint_policy_ids": [],
            "service_endpoints": [],
            "timeouts": null,
            "virtual_network_name": "VnetUnirJdcrCp2"
          },
          "sensitive_attributes": [],
          "private": "eyJlMmJmYjczMC1lY2FhLTExZTYtOGY4OC0zNDM2M2JjN2M0YzAiOnsiY3JlYXRlIjoxODAwMDAwMDAwMDAwLCJkZWxldGUiOjE4MDAwMDAwMDAwMDAsInJlYWQiOjMwMDAwMDAwMDAwMCwidXBkYXRlIjoxODAwMDAwMDAwMDAwfX0=",
          "dependencies": [
            "azurerm_resource_group.rg",
            "azurerm_virtual_network.vnet"
          ]
        }
      ]
    },
    {
      "mode": "managed",
      "type": "azurerm_virtual_network",
      "name": "vnet",
      "provider": "provider[\"registry.terraform.io/hashicorp/azurerm\"]",
      "instances": [
        {
          "schema_version": 0,
          "attributes": {
            "address_space": [
              "10.0.0.0/16"
            ],
            "bgp_community": "",
            "ddos_protection_plan": [],
            "dns_servers": [],
            "edge_zone": "",
            "encryption": [],
            "flow_timeout_in_minutes": 0,
            "guid": "233cad4d-2367-4f2f-ba6e-c6d01cb49bc9",
            "id": "/subscriptions/6cdbe581-420c-4d94-8700-3e091599b3fd/resourceGroups/RgUnirJdcr/providers/Microsoft.Network/virtualNetworks/VnetUnirJdcrCp2",
            "location": "westeurope",
            "name": "VnetUnirJdcrCp2",
            "resource_group_name": "RgUnirJdcr",
            "subnet": [
              {
                "address_prefix": "10.0.1.0/24",
                "id": "/subscriptions/6cdbe581-420c-4d94-8700-3e091599b3fd/resourceGroups/RgUnirJdcr/providers/Microsoft.Network/virtualNetworks/VnetUnirJdcrCp2/subnets/SubnetUnirJdcrCp2Vm1",
                "name": "SubnetUnirJdcrCp2Vm1",
                "security_group": ""
              }
            ],
            "tags": {},
            "timeouts": null
          },
          "sensitive_attributes": [],
          "private": "eyJlMmJmYjczMC1lY2FhLTExZTYtOGY4OC0zNDM2M2JjN2M0YzAiOnsiY3JlYXRlIjoxODAwMDAwMDAwMDAwLCJkZWxldGUiOjE4MDAwMDAwMDAwMDAsInJlYWQiOjMwMDAwMDAwMDAwMCwidXBkYXRlIjoxODAwMDAwMDAwMDAwfX0=",
          "dependencies": [
            "azurerm_resource_group.rg"
          ]
        }
      ]
    }
  ],
  "check_results": null
}
