{
  "version": 4,
  "terraform_version": "1.9.2",
  "serial": 13,
  "lineage": "3ee2f3e6-c7c1-ce19-87b9-2fcec7832503",
  "outputs": {},
  "resources": [
    {
      "mode": "managed",
      "type": "azurerm_container_registry",
      "name": "acr",
      "provider": "provider[\"registry.terraform.io/hashicorp/azurerm\"]",
      "instances": [
        {
          "schema_version": 2,
          "attributes": {
            "admin_enabled": true,
            "admin_password": "R4x5Mvjgwp8i+e4FI547AF9XEL7Nlytg7m2NZ4qMjH+ACRBCQ5f7",
            "admin_username": "AcrUnirJdcr",
            "anonymous_pull_enabled": false,
            "data_endpoint_enabled": false,
            "encryption": [
              {
                "enabled": false,
                "identity_client_id": "",
                "key_vault_key_id": ""
              }
            ],
            "export_policy_enabled": true,
            "georeplications": [],
            "id": "/subscriptions/6cdbe581-420c-4d94-8700-3e091599b3fd/resourceGroups/RgUnirJdcr/providers/Microsoft.ContainerRegistry/registries/AcrUnirJdcr",
            "identity": [],
            "location": "westeurope",
            "login_server": "acrunirjdcr.azurecr.io",
            "name": "AcrUnirJdcr",
            "network_rule_bypass_option": "AzureServices",
            "network_rule_set": [],
            "public_network_access_enabled": true,
            "quarantine_policy_enabled": false,
            "resource_group_name": "RgUnirJdcr",
            "retention_policy": [
              {
                "days": 7,
                "enabled": false
              }
            ],
            "sku": "Basic",
            "tags": {},
            "timeouts": null,
            "trust_policy": [
              {
                "enabled": false
              }
            ],
            "zone_redundancy_enabled": false
          },
          "sensitive_attributes": [
            [
              {
                "type": "get_attr",
                "value": "admin_password"
              }
            ]
          ],
          "private": "eyJlMmJmYjczMC1lY2FhLTExZTYtOGY4OC0zNDM2M2JjN2M0YzAiOnsiY3JlYXRlIjoxODAwMDAwMDAwMDAwLCJkZWxldGUiOjE4MDAwMDAwMDAwMDAsInJlYWQiOjMwMDAwMDAwMDAwMCwidXBkYXRlIjoxODAwMDAwMDAwMDAwfSwic2NoZW1hX3ZlcnNpb24iOiIyIn0=",
          "dependencies": [
            "azurerm_resource_group.rg"
          ]
        }
      ]
    },
    {
      "mode": "managed",
      "type": "azurerm_linux_virtual_machine",
      "name": "vm",
      "provider": "provider[\"registry.terraform.io/hashicorp/azurerm\"]",
      "instances": [
        {
          "schema_version": 0,
          "attributes": {
            "additional_capabilities": [],
            "admin_password": null,
            "admin_ssh_key": [
              {
                "public_key": "ssh-rsa AAAAB3NzaC1yc2EAAAADAQABAAACAQDR0GNQ+B/SYtqM7h/ps43vUYcpAL74I3muwGIKNh6KCyXVLG6PtLajCqpjW8vHwZ3ITdS5DKFEDm/VqrMFyDPRuCXpUB1aZIpM1icyOY2IZNfndNEP371yeZnxYzGH7Evyd5r/aRLBEaMRqCZ+lYFQ54y0gnONZYebt87tWYPfX4QzGkQrfEDqv8Pfzfj5UwQAXUu4YM+GE8efeAfJMLM2p64F7xJ6SEgVpqB+wJWKcWBovK7rYPixcm/AUpWcevkbvYQsl55QmxHsc/ZRw2UHaePJbdf5AS94TKmmkcaccmjOlNaUXiFD7u45bV3p0qx0l6Q7VssVAHuoJPmz104oesZ0e3ixWo7/XAlGkDIfvenLfo02bMJUs0h62kjgttPUmzP4puPBmoB1QW1HjsVu08Nz2FwjscUl4Uqla8+mjSLQEupgX4T+JapbUrM8pinKFQsAndJnphL/ciQNALI/eB3FrguudDhVPNMFfOndCrbDemU4a/wEaMEemoRIjaNBW7szoe/erYY9rVb/HGSWRKqa40PCPgIYlkM/A80JI2Xj+ttqYN8AezWzTaK+QqmnrWHBkr6Ps8ahC37oBaaE0Xg7e0ZhlXnmwuTKuo79/JTt+AJkxOpS+np6k/AeCzVq/fDzWb5ZwvjHAJDPMx+N7ywJTGjeO2SqCYsuRvanYQ== jdcr@DESKTOP-12KCEL8\n",
                "username": "jdcr"
              }
            ],
            "admin_username": "jdcr",
            "allow_extension_operations": true,
            "availability_set_id": "",
            "boot_diagnostics": [],
            "bypass_platform_safety_checks_on_user_schedule_enabled": false,
            "capacity_reservation_group_id": "",
            "computer_name": "VM1-JDCR",
            "custom_data": null,
            "dedicated_host_group_id": "",
            "dedicated_host_id": "",
            "disable_password_authentication": true,
            "disk_controller_type": "",
            "edge_zone": "",
            "encryption_at_host_enabled": false,
            "eviction_policy": "",
            "extensions_time_budget": "PT1H30M",
            "gallery_application": [],
            "id": "/subscriptions/6cdbe581-420c-4d94-8700-3e091599b3fd/resourceGroups/RgUnirJdcr/providers/Microsoft.Compute/virtualMachines/Vm1UnirJdcrCp2",
            "identity": [],
            "license_type": "",
            "location": "westeurope",
            "max_bid_price": -1,
            "name": "Vm1UnirJdcrCp2",
            "network_interface_ids": [
              "/subscriptions/6cdbe581-420c-4d94-8700-3e091599b3fd/resourceGroups/RgUnirJdcr/providers/Microsoft.Network/networkInterfaces/NicUnirJdcrCp2Vm1"
            ],
            "os_disk": [
              {
                "caching": "ReadWrite",
                "diff_disk_settings": [],
                "disk_encryption_set_id": "",
                "disk_size_gb": 30,
                "name": "Vm1UnirJdcrCp2_OsDisk_1_89a0d992901a4bf7b8c1161e5870d0f3",
                "secure_vm_disk_encryption_set_id": "",
                "security_encryption_type": "",
                "storage_account_type": "Standard_LRS",
                "write_accelerator_enabled": false
              }
            ],
            "os_image_notification": [],
            "patch_assessment_mode": "ImageDefault",
            "patch_mode": "ImageDefault",
            "plan": [],
            "platform_fault_domain": -1,
            "priority": "Regular",
            "private_ip_address": "10.0.1.4",
            "private_ip_addresses": [
              "10.0.1.4"
            ],
            "provision_vm_agent": true,
            "proximity_placement_group_id": "",
            "public_ip_address": "13.95.138.144",
            "public_ip_addresses": [
              "13.95.138.144"
            ],
            "reboot_setting": "",
            "resource_group_name": "RgUnirJdcr",
            "secret": [],
            "secure_boot_enabled": false,
            "size": "Standard_B1s",
            "source_image_id": "",
            "source_image_reference": [
              {
                "offer": "UbuntuServer",
                "publisher": "Canonical",
                "sku": "18.04-LTS",
                "version": "latest"
              }
            ],
            "tags": null,
            "termination_notification": null,
            "timeouts": null,
            "user_data": "",
            "virtual_machine_id": "b7abc06f-ac85-47bb-8903-9ba86c691ab5",
            "virtual_machine_scale_set_id": "",
            "vm_agent_platform_updates_enabled": false,
            "vtpm_enabled": false,
            "zone": ""
          },
          "sensitive_attributes": [
            [
              {
                "type": "get_attr",
                "value": "admin_password"
              }
            ],
            [
              {
                "type": "get_attr",
                "value": "custom_data"
              }
            ]
          ],
          "private": "eyJlMmJmYjczMC1lY2FhLTExZTYtOGY4OC0zNDM2M2JjN2M0YzAiOnsiY3JlYXRlIjoyNzAwMDAwMDAwMDAwLCJkZWxldGUiOjI3MDAwMDAwMDAwMDAsInJlYWQiOjMwMDAwMDAwMDAwMCwidXBkYXRlIjoyNzAwMDAwMDAwMDAwfX0=",
          "dependencies": [
            "azurerm_network_interface.nic",
            "azurerm_public_ip.public_ip",
            "azurerm_resource_group.rg",
            "azurerm_subnet.subnet",
            "azurerm_virtual_network.vnet"
          ]
        }
      ]
    },
    {
      "mode": "managed",
      "type": "azurerm_network_interface",
      "name": "nic",
      "provider": "provider[\"registry.terraform.io/hashicorp/azurerm\"]",
      "instances": [
        {
          "schema_version": 0,
          "attributes": {
            "accelerated_networking_enabled": false,
            "applied_dns_servers": [],
            "auxiliary_mode": "",
            "auxiliary_sku": "",
            "dns_servers": [],
            "edge_zone": "",
            "enable_accelerated_networking": false,
            "enable_ip_forwarding": false,
            "id": "/subscriptions/6cdbe581-420c-4d94-8700-3e091599b3fd/resourceGroups/RgUnirJdcr/providers/Microsoft.Network/networkInterfaces/NicUnirJdcrCp2Vm1",
            "internal_dns_name_label": "",
            "internal_domain_name_suffix": "",
            "ip_configuration": [
              {
                "gateway_load_balancer_frontend_ip_configuration_id": "",
                "name": "nic-vm1-conf-cp2-jdcr-unir",
                "primary": true,
                "private_ip_address": "10.0.1.4",
                "private_ip_address_allocation": "Dynamic",
                "private_ip_address_version": "IPv4",
                "public_ip_address_id": "/subscriptions/6cdbe581-420c-4d94-8700-3e091599b3fd/resourceGroups/RgUnirJdcr/providers/Microsoft.Network/publicIPAddresses/PipUnirJdcrCp2Vm1",
                "subnet_id": "/subscriptions/6cdbe581-420c-4d94-8700-3e091599b3fd/resourceGroups/RgUnirJdcr/providers/Microsoft.Network/virtualNetworks/VnetUnirJdcrCp2/subnets/SubnetUnirJdcrCp2Vm1"
              }
            ],
            "ip_forwarding_enabled": false,
            "location": "westeurope",
            "mac_address": "00-0D-3A-BE-ED-95",
            "name": "NicUnirJdcrCp2Vm1",
            "private_ip_address": "10.0.1.4",
            "private_ip_addresses": [
              "10.0.1.4"
            ],
            "resource_group_name": "RgUnirJdcr",
            "tags": {},
            "timeouts": null,
            "virtual_machine_id": ""
          },
          "sensitive_attributes": [],
          "private": "eyJlMmJmYjczMC1lY2FhLTExZTYtOGY4OC0zNDM2M2JjN2M0YzAiOnsiY3JlYXRlIjoxODAwMDAwMDAwMDAwLCJkZWxldGUiOjE4MDAwMDAwMDAwMDAsInJlYWQiOjMwMDAwMDAwMDAwMCwidXBkYXRlIjoxODAwMDAwMDAwMDAwfX0=",
          "dependencies": [
            "azurerm_public_ip.public_ip",
            "azurerm_resource_group.rg",
            "azurerm_subnet.subnet",
            "azurerm_virtual_network.vnet"
          ]
        }
      ]
    },
    {
      "mode": "managed",
      "type": "azurerm_public_ip",
      "name": "public_ip",
      "provider": "provider[\"registry.terraform.io/hashicorp/azurerm\"]",
      "instances": [
        {
          "schema_version": 0,
          "attributes": {
            "allocation_method": "Dynamic",
            "ddos_protection_mode": "VirtualNetworkInherited",
            "ddos_protection_plan_id": null,
            "domain_name_label": null,
            "edge_zone": "",
            "fqdn": null,
            "id": "/subscriptions/6cdbe581-420c-4d94-8700-3e091599b3fd/resourceGroups/RgUnirJdcr/providers/Microsoft.Network/publicIPAddresses/PipUnirJdcrCp2Vm1",
            "idle_timeout_in_minutes": 4,
            "ip_address": "",
            "ip_tags": {},
            "ip_version": "IPv4",
            "location": "westeurope",
            "name": "PipUnirJdcrCp2Vm1",
            "public_ip_prefix_id": null,
            "resource_group_name": "RgUnirJdcr",
            "reverse_fqdn": null,
            "sku": "Basic",
            "sku_tier": "Regional",
            "tags": {},
            "timeouts": null,
            "zones": []
          },
          "sensitive_attributes": [],
          "private": "eyJlMmJmYjczMC1lY2FhLTExZTYtOGY4OC0zNDM2M2JjN2M0YzAiOnsiY3JlYXRlIjoxODAwMDAwMDAwMDAwLCJkZWxldGUiOjE4MDAwMDAwMDAwMDAsInJlYWQiOjMwMDAwMDAwMDAwMCwidXBkYXRlIjoxODAwMDAwMDAwMDAwfX0=",
          "dependencies": [
            "azurerm_resource_group.rg"
          ]
        }
      ]
    },
    {
      "mode": "managed",
      "type": "azurerm_resource_group",
      "name": "rg",
      "provider": "provider[\"registry.terraform.io/hashicorp/azurerm\"]",
      "instances": [
        {
          "schema_version": 0,
          "attributes": {
            "id": "/subscriptions/6cdbe581-420c-4d94-8700-3e091599b3fd/resourceGroups/RgUnirJdcr",
            "location": "westeurope",
            "managed_by": "",
            "name": "RgUnirJdcr",
            "tags": {},
            "timeouts": null
          },
          "sensitive_attributes": [],
          "private": "eyJlMmJmYjczMC1lY2FhLTExZTYtOGY4OC0zNDM2M2JjN2M0YzAiOnsiY3JlYXRlIjo1NDAwMDAwMDAwMDAwLCJkZWxldGUiOjU0MDAwMDAwMDAwMDAsInJlYWQiOjMwMDAwMDAwMDAwMCwidXBkYXRlIjo1NDAwMDAwMDAwMDAwfX0="
        }
      ]
    },
    {
      "mode": "managed",
      "type": "azurerm_subnet",
      "name": "subnet",
      "provider": "provider[\"registry.terraform.io/hashicorp/azurerm\"]",
      "instances": [
        {
          "schema_version": 0,
          "attributes": {
            "address_prefixes": [
              "10.0.1.0/24"
            ],
            "default_outbound_access_enabled": true,
            "delegation": [],
            "enforce_private_link_endpoint_network_policies": false,
            "enforce_private_link_service_network_policies": false,
            "id": "/subscriptions/6cdbe581-420c-4d94-8700-3e091599b3fd/resourceGroups/RgUnirJdcr/providers/Microsoft.Network/virtualNetworks/VnetUnirJdcrCp2/subnets/SubnetUnirJdcrCp2Vm1",
            "name": "SubnetUnirJdcrCp2Vm1",
            "private_endpoint_network_policies": "Enabled",
            "private_endpoint_network_policies_enabled": true,
            "private_link_service_network_policies_enabled": true,
            "resource_group_name": "RgUnirJdcr",
            "service_endpoint_policy_ids": [],
            "service_endpoints": [],
            "timeouts": null,
            "virtual_network_name": "VnetUnirJdcrCp2"
          },
          "sensitive_attributes": [],
          "private": "eyJlMmJmYjczMC1lY2FhLTExZTYtOGY4OC0zNDM2M2JjN2M0YzAiOnsiY3JlYXRlIjoxODAwMDAwMDAwMDAwLCJkZWxldGUiOjE4MDAwMDAwMDAwMDAsInJlYWQiOjMwMDAwMDAwMDAwMCwidXBkYXRlIjoxODAwMDAwMDAwMDAwfX0=",
          "dependencies": [
            "azurerm_resource_group.rg",
            "azurerm_virtual_network.vnet"
          ]
        }
      ]
    },
    {
      "mode": "managed",
      "type": "azurerm_virtual_network",
      "name": "vnet",
      "provider": "provider[\"registry.terraform.io/hashicorp/azurerm\"]",
      "instances": [
        {
          "schema_version": 0,
          "attributes": {
            "address_space": [
              "10.0.0.0/16"
            ],
            "bgp_community": "",
            "ddos_protection_plan": [],
            "dns_servers": [],
            "edge_zone": "",
            "encryption": [],
            "flow_timeout_in_minutes": 0,
            "guid": "233cad4d-2367-4f2f-ba6e-c6d01cb49bc9",
            "id": "/subscriptions/6cdbe581-420c-4d94-8700-3e091599b3fd/resourceGroups/RgUnirJdcr/providers/Microsoft.Network/virtualNetworks/VnetUnirJdcrCp2",
            "location": "westeurope",
            "name": "VnetUnirJdcrCp2",
            "resource_group_name": "RgUnirJdcr",
            "subnet": [
              {
                "address_prefix": "10.0.1.0/24",
                "id": "/subscriptions/6cdbe581-420c-4d94-8700-3e091599b3fd/resourceGroups/RgUnirJdcr/providers/Microsoft.Network/virtualNetworks/VnetUnirJdcrCp2/subnets/SubnetUnirJdcrCp2Vm1",
                "name": "SubnetUnirJdcrCp2Vm1",
                "security_group": ""
              }
            ],
            "tags": {},
            "timeouts": null
          },
          "sensitive_attributes": [],
          "private": "eyJlMmJmYjczMC1lY2FhLTExZTYtOGY4OC0zNDM2M2JjN2M0YzAiOnsiY3JlYXRlIjoxODAwMDAwMDAwMDAwLCJkZWxldGUiOjE4MDAwMDAwMDAwMDAsInJlYWQiOjMwMDAwMDAwMDAwMCwidXBkYXRlIjoxODAwMDAwMDAwMDAwfX0=",
          "dependencies": [
            "azurerm_resource_group.rg"
          ]
        }
      ]
    }
  ],
  "check_results": null
}
